
Microsoft Visual Studio Solution File, Format Version 12.00
# Visual Studio Version 17
VisualStudioVersion = 17.5.002.0
MinimumVisualStudioVersion = 10.0.40219.1
Project("{9A19103F-16F7-4668-BE54-9A1E7A4F7556}") = "Production-Tools", "Production-Tools.csproj", "{03041974-E9E9-46BD-870B-3397E2B553BD}"
EndProject
Global
	GlobalSection(SolutionConfigurationPlatforms) = preSolution
		Debug|Any CPU = Debug|Any CPU
		Release|Any CPU = Release|Any CPU
	EndGlobalSection
	GlobalSection(ProjectConfigurationPlatforms) = postSolution
		{03041974-E9E9-46BD-870B-3397E2B553BD}.Debug|Any CPU.ActiveCfg = Debug|Any CPU
		{03041974-E9E9-46BD-870B-3397E2B553BD}.Debug|Any CPU.Build.0 = Debug|Any CPU
		{03041974-E9E9-46BD-870B-3397E2B553BD}.Release|Any CPU.ActiveCfg = Release|Any CPU
		{03041974-E9E9-46BD-870B-3397E2B553BD}.Release|Any CPU.Build.0 = Release|Any CPU
	EndGlobalSection
	GlobalSection(SolutionProperties) = preSolution
		HideSolutionNode = FALSE
	EndGlobalSection
	GlobalSection(ExtensibilityGlobals) = postSolution
		SolutionGuid = {D211528C-613E-4DB6-8A03-81B1EBFC43C3}
	EndGlobalSection
EndGlobal
